
Microsoft Visual Studio Solution File, Format Version 12.00
# Visual Studio Version 16
VisualStudioVersion = 16.0.30503.244
MinimumVisualStudioVersion = 10.0.40219.1
Project("{8BC9CEB8-8B4A-11D0-8D11-00A0C91BC942}") = "Sieve", "Source\Sieve.vcxproj", "{3BBCA0A8-A7C5-40BF-AD8A-E7CF6655C00E}"
EndProject
Global
	GlobalSection(SolutionConfigurationPlatforms) = preSolution
		Debug|x64 = Debug|x64
		Release|x64 = Release|x64
	EndGlobalSection
	GlobalSection(ProjectConfigurationPlatforms) = postSolution
		{3BBCA0A8-A7C5-40BF-AD8A-E7CF6655C00E}.Debug|x64.ActiveCfg = Debug|x64
		{3BBCA0A8-A7C5-40BF-AD8A-E7CF6655C00E}.Debug|x64.Build.0 = Debug|x64
		{3BBCA0A8-A7C5-40BF-AD8A-E7CF6655C00E}.Release|x64.ActiveCfg = Release|x64
		{3BBCA0A8-A7C5-40BF-AD8A-E7CF6655C00E}.Release|x64.Build.0 = Release|x64
	EndGlobalSection
	GlobalSection(SolutionProperties) = preSolution
		HideSolutionNode = FALSE
	EndGlobalSection
	GlobalSection(ExtensibilityGlobals) = postSolution
		SolutionGuid = {34A123D6-F083-41CA-8E5F-23D2A739EC70}
	EndGlobalSection
EndGlobal
